<?xml version="1.0" encoding="utf-8"?>
<Project ToolsVersion="4.0" xmlns="http://schemas.microsoft.com/developer/msbuild/2003">
  <ItemGroup>
    <Filter Include="Source Files">
      <UniqueIdentifier>{4FC737F1-C7A5-4376-A066-2A32D752A2FF}</UniqueIdentifier>
      <Extensions>cpp;c;cc;cxx;def;odl;idl;hpj;bat;asm;asmx</Extensions>
    </Filter>
    <Filter Include="Header Files">
      <UniqueIdentifier>{93995380-89BD-4b04-88EB-625FBE52EBFB}</UniqueIdentifier>
      <Extensions>h;hh;hpp;hxx;hm;inl;inc;ipp;xsd</Extensions>
    </Filter>
    <Filter Include="Resource Files">
      <UniqueIdentifier>{67DA6AB6-F800-4c08-8B7A-83BB121AAD01}</UniqueIdentifier>
      <Extensions>rc;ico;cur;bmp;dlg;rc2;rct;bin;rgs;gif;jpg;jpeg;jpe;resx;tiff;tif;png;wav;mfcribbon-ms</Extensions>
    </Filter>
    <Filter Include="Common">
      <UniqueIdentifier>{5791b192-b485-437c-b002-bc57216fb455}</UniqueIdentifier>
    </Filter>
    <Filter Include="XUSG">
      <UniqueIdentifier>{0b7df9f8-419c-4d6d-b182-9b8e31a22cae}</UniqueIdentifier>
    </Filter>
    <Filter Include="Common\Header Files">
      <UniqueIdentifier>{34416045-60ca-45d6-b1b5-5b35886ab7dd}</UniqueIdentifier>
    </Filter>
    <Filter Include="Common\Source Files">
      <UniqueIdentifier>{6a52f70c-ef14-46fa-b0ad-a6038a19fdae}</UniqueIdentifier>
    </Filter>
    <Filter Include="Shaders">
      <UniqueIdentifier>{70b20d20-b909-4147-9345-d3a9a3756ff1}</UniqueIdentifier>
    </Filter>
    <Filter Include="XUSG\Optional">
      <UniqueIdentifier>{da357f3d-d9e8-4f2c-8605-1154608b49d6}</UniqueIdentifier>
    </Filter>
    <Filter Include="XUSG\Helper">
      <UniqueIdentifier>{1ac4bc9a-9929-43f6-97bf-174055692b53}</UniqueIdentifier>
    </Filter>
  </ItemGroup>
  <ItemGroup>
    <ClInclude Include="stdafx.h">
      <Filter>Header Files</Filter>
    </ClInclude>
    <ClInclude Include="Common\d3dx12.h">
      <Filter>Common\Header Files</Filter>
    </ClInclude>
    <ClInclude Include="Common\DXFramework.h">
      <Filter>Common\Header Files</Filter>
    </ClInclude>
    <ClInclude Include="Common\DXFrameworkHelper.h">
      <Filter>Common\Header Files</Filter>
    </ClInclude>
    <ClInclude Include="Common\StepTimer.h">
      <Filter>Common\Header Files</Filter>
    </ClInclude>
    <ClInclude Include="Common\Win32Application.h">
      <Filter>Common\Header Files</Filter>
    </ClInclude>
    <ClInclude Include="Content\Voxelizer.h">
      <Filter>Header Files</Filter>
    </ClInclude>
    <ClInclude Include="DXRVoxelizer.h">
      <Filter>Header Files</Filter>
    </ClInclude>
    <ClInclude Include="Content\SharedConst.h">
      <Filter>Header Files</Filter>
    </ClInclude>
    <ClInclude Include="Common\D3D12RaytracingFallback.h">
      <Filter>Common\Header Files</Filter>
    </ClInclude>
    <ClInclude Include="XUSG\Optional\XUSGObjLoader.h">
      <Filter>XUSG\Optional</Filter>
    </ClInclude>
    <ClInclude Include="Common\d3d12.h">
      <Filter>Common\Header Files</Filter>
    </ClInclude>
    <ClInclude Include="Content\VoxelizerEZ.h">
      <Filter>Header Files</Filter>
    </ClInclude>
    <ClInclude Include="XUSG\Core\XUSG.h">
      <Filter>XUSG</Filter>
    </ClInclude>
    <ClInclude Include="XUSG\Helper\XUSG-EZ.h">
      <Filter>XUSG</Filter>
    </ClInclude>
    <ClInclude Include="XUSG\Helper\XUSGRayTracing-EZ.h">
      <Filter>XUSG</Filter>
    </ClInclude>
    <ClInclude Include="XUSG\RayTracing\XUSGRayTracing.h">
      <Filter>XUSG</Filter>
    </ClInclude>
    <ClInclude Include="XUSG\Ultimate\XUSGUltimate.h">
      <Filter>XUSG</Filter>
    </ClInclude>
    <ClInclude Include="XUSG\Helper\XUSGUltimate-EZ.h">
      <Filter>XUSG</Filter>
    </ClInclude>
  </ItemGroup>
  <ItemGroup>
    <ClCompile Include="Main.cpp">
      <Filter>Source Files</Filter>
    </ClCompile>
    <ClCompile Include="stdafx.cpp">
      <Filter>Source Files</Filter>
    </ClCompile>
    <ClCompile Include="Common\DXFramework.cpp">
      <Filter>Common\Source Files</Filter>
    </ClCompile>
    <ClCompile Include="Common\Win32Application.cpp">
      <Filter>Common\Source Files</Filter>
    </ClCompile>
    <ClCompile Include="Content\Voxelizer.cpp">
      <Filter>Source Files</Filter>
    </ClCompile>
    <ClCompile Include="DXRVoxelizer.cpp">
      <Filter>Source Files</Filter>
    </ClCompile>
    <ClCompile Include="XUSG\Optional\XUSGObjLoader.cpp">
      <Filter>XUSG\Optional</Filter>
    </ClCompile>
    <ClCompile Include="Content\VoxelizerEZ.cpp">
      <Filter>Source Files</Filter>
    </ClCompile>
  </ItemGroup>
  <ItemGroup>
    <FxCompile Include="Content\Shaders\PSRayCast.hlsl">
      <Filter>Shaders</Filter>
    </FxCompile>
    <FxCompile Include="Content\Shaders\VSScreenQuad.hlsl">
      <Filter>Shaders</Filter>
    </FxCompile>
  </ItemGroup>
  <ItemGroup>
    <CustomBuild Include="Content\Shaders\DXRVoxelizer.hlsl">
      <Filter>Shaders</Filter>
    </CustomBuild>
  </ItemGroup>
</Project>