
Microsoft Visual Studio Solution File, Format Version 12.00
# Visual Studio 15
VisualStudioVersion = 15.0.28307.106
MinimumVisualStudioVersion = 10.0.40219.1
Project("{8BC9CEB8-8B4A-11D0-8D11-00A0C91BC942}") = "DXRVoxelizer", "DXRVoxelizer\DXRVoxelizer.vcxproj", "{20AD8700-447F-4B0B-9A95-0E1C646F3878}"
	ProjectSection(ProjectDependencies) = postProject
		{4BE280A6-1066-41CA-ACDD-6BB7E532508B} = {4BE280A6-1066-41CA-ACDD-6BB7E532508B}
	EndProjectSection
EndProject
Project("{8BC9CEB8-8B4A-11D0-8D11-00A0C91BC942}") = "FallbackLayer", "D3D12RaytracingFallback\src\FallbackLayer.vcxproj", "{4BE280A6-1066-41CA-ACDD-6BB7E532508B}"
EndProject
Global
	GlobalSection(SolutionConfigurationPlatforms) = preSolution
		Debug|x64 = Debug|x64
		Debug|x86 = Debug|x86
		Release|x64 = Release|x64
		Release|x86 = Release|x86
	EndGlobalSection
	GlobalSection(ProjectConfigurationPlatforms) = postSolution
		{20AD8700-447F-4B0B-9A95-0E1C646F3878}.Debug|x64.ActiveCfg = Debug|x64
		{20AD8700-447F-4B0B-9A95-0E1C646F3878}.Debug|x64.Build.0 = Debug|x64
		{20AD8700-447F-4B0B-9A95-0E1C646F3878}.Debug|x86.ActiveCfg = Debug|Win32
		{20AD8700-447F-4B0B-9A95-0E1C646F3878}.Debug|x86.Build.0 = Debug|Win32
		{20AD8700-447F-4B0B-9A95-0E1C646F3878}.Release|x64.ActiveCfg = Release|x64
		{20AD8700-447F-4B0B-9A95-0E1C646F3878}.Release|x64.Build.0 = Release|x64
		{20AD8700-447F-4B0B-9A95-0E1C646F3878}.Release|x86.ActiveCfg = Release|Win32
		{20AD8700-447F-4B0B-9A95-0E1C646F3878}.Release|x86.Build.0 = Release|Win32
		{4BE280A6-1066-41CA-ACDD-6BB7E532508B}.Debug|x64.ActiveCfg = Debug|x64
		{4BE280A6-1066-41CA-ACDD-6BB7E532508B}.Debug|x64.Build.0 = Debug|x64
		{4BE280A6-1066-41CA-ACDD-6BB7E532508B}.Debug|x86.ActiveCfg = Debug|x64
		{4BE280A6-1066-41CA-ACDD-6BB7E532508B}.Release|x64.ActiveCfg = Release|x64
		{4BE280A6-1066-41CA-ACDD-6BB7E532508B}.Release|x64.Build.0 = Release|x64
		{4BE280A6-1066-41CA-ACDD-6BB7E532508B}.Release|x86.ActiveCfg = Release|x64
	EndGlobalSection
	GlobalSection(SolutionProperties) = preSolution
		HideSolutionNode = FALSE
	EndGlobalSection
	GlobalSection(ExtensibilityGlobals) = postSolution
		SolutionGuid = {00CD32B6-2D15-4DE5-9199-A9B8575AB0ED}
	EndGlobalSection
EndGlobal
